
Microsoft Visual Studio Solution File, Format Version 12.00
# Visual Studio 2012
Project("{FAE04EC0-301F-11D3-BF4B-00C04F79EFBC}") = "TestService1", "Test\TestService1\TestService1.csproj", "{D19DBA45-6AE3-42D9-9AB0-FAA0CA0CD7CE}"
EndProject
Project("{FAE04EC0-301F-11D3-BF4B-00C04F79EFBC}") = "TestApp", "Test\TestApp\TestApp.csproj", "{357CF8E9-F8F6-4735-A192-281363021557}"
	ProjectSection(ProjectDependencies) = postProject
		{D19DBA45-6AE3-42D9-9AB0-FAA0CA0CD7CE} = {D19DBA45-6AE3-42D9-9AB0-FAA0CA0CD7CE}
	EndProjectSection
EndProject
Project("{FAE04EC0-301F-11D3-BF4B-00C04F79EFBC}") = "WebApplication1", "Test\WebApplication1\WebApplication1.csproj", "{983F78BE-0CB7-49F4-BD63-1308EC969B1A}"
EndProject
Project("{FAE04EC0-301F-11D3-BF4B-00C04F79EFBC}") = "OnRamp", "Test\OnRamp\OnRamp.btproj", "{4D4074E9-2DC3-4943-B057-5E734ACD7443}"
EndProject
Global
	GlobalSection(TeamFoundationVersionControl) = preSolution
		SccNumberOfProjects = 5
		SccEnterpriseProvider = {4CA58AB2-18FA-4F8D-95D4-32DDF27D184C}
		SccTeamFoundationServer = https://tfs02.solidsoft.com:8080/solidsoft
		SccLocalPath0 = .
		SccProjectUniqueName1 = Test\\TestService1\\TestService1.csproj
		SccProjectName1 = Test/TestService1
		SccLocalPath1 = Test\\TestService1
		SccProjectUniqueName2 = Test\\TestApp\\TestApp.csproj
		SccProjectName2 = Test/TestApp
		SccLocalPath2 = Test\\TestApp
		SccProjectUniqueName3 = Test\\WebApplication1\\WebApplication1.csproj
		SccProjectName3 = Test/WebApplication1
		SccLocalPath3 = Test\\WebApplication1
		SccProjectUniqueName4 = Test\\OnRamp\\OnRamp.btproj
		SccProjectName4 = Test/OnRamp
		SccLocalPath4 = Test\\OnRamp
	EndGlobalSection
	GlobalSection(SolutionConfigurationPlatforms) = preSolution
		Debug|Any CPU = Debug|Any CPU
		Release|Any CPU = Release|Any CPU
	EndGlobalSection
	GlobalSection(ProjectConfigurationPlatforms) = postSolution
		{D19DBA45-6AE3-42D9-9AB0-FAA0CA0CD7CE}.Debug|Any CPU.ActiveCfg = Debug|Any CPU
		{D19DBA45-6AE3-42D9-9AB0-FAA0CA0CD7CE}.Debug|Any CPU.Build.0 = Debug|Any CPU
		{D19DBA45-6AE3-42D9-9AB0-FAA0CA0CD7CE}.Release|Any CPU.ActiveCfg = Release|Any CPU
		{D19DBA45-6AE3-42D9-9AB0-FAA0CA0CD7CE}.Release|Any CPU.Build.0 = Release|Any CPU
		{357CF8E9-F8F6-4735-A192-281363021557}.Debug|Any CPU.ActiveCfg = Debug|Any CPU
		{357CF8E9-F8F6-4735-A192-281363021557}.Debug|Any CPU.Build.0 = Debug|Any CPU
		{357CF8E9-F8F6-4735-A192-281363021557}.Release|Any CPU.ActiveCfg = Release|Any CPU
		{357CF8E9-F8F6-4735-A192-281363021557}.Release|Any CPU.Build.0 = Release|Any CPU
		{983F78BE-0CB7-49F4-BD63-1308EC969B1A}.Debug|Any CPU.ActiveCfg = Debug|Any CPU
		{983F78BE-0CB7-49F4-BD63-1308EC969B1A}.Debug|Any CPU.Build.0 = Debug|Any CPU
		{983F78BE-0CB7-49F4-BD63-1308EC969B1A}.Release|Any CPU.ActiveCfg = Release|Any CPU
		{983F78BE-0CB7-49F4-BD63-1308EC969B1A}.Release|Any CPU.Build.0 = Release|Any CPU
		{4D4074E9-2DC3-4943-B057-5E734ACD7443}.Debug|Any CPU.ActiveCfg = Debug|Any CPU
		{4D4074E9-2DC3-4943-B057-5E734ACD7443}.Debug|Any CPU.Build.0 = Debug|Any CPU
		{4D4074E9-2DC3-4943-B057-5E734ACD7443}.Debug|Any CPU.Deploy.0 = Debug|Any CPU
		{4D4074E9-2DC3-4943-B057-5E734ACD7443}.Release|Any CPU.ActiveCfg = Release|Any CPU
		{4D4074E9-2DC3-4943-B057-5E734ACD7443}.Release|Any CPU.Build.0 = Release|Any CPU
		{4D4074E9-2DC3-4943-B057-5E734ACD7443}.Release|Any CPU.Deploy.0 = Release|Any CPU
	EndGlobalSection
	GlobalSection(SolutionProperties) = preSolution
		HideSolutionNode = FALSE
	EndGlobalSection
EndGlobal
